
Microsoft Visual Studio Solution File, Format Version 12.00
# Visual Studio Version 16
VisualStudioVersion = 16.0.32802.440
MinimumVisualStudioVersion = 10.0.40219.1
Project("{8BC9CEB8-8B4A-11D0-8D11-00A0C91BC942}") = "Example7.9", "Example7.9.vcxproj", "{EB825E4F-368E-40F0-866F-F0EA7EB63D09}"
EndProject
Global
	GlobalSection(SolutionConfigurationPlatforms) = preSolution
		Debug|x64 = Debug|x64
		Debug|x86 = Debug|x86
		Release|x64 = Release|x64
		Release|x86 = Release|x86
	EndGlobalSection
	GlobalSection(ProjectConfigurationPlatforms) = postSolution
		{EB825E4F-368E-40F0-866F-F0EA7EB63D09}.Debug|x64.ActiveCfg = Debug|x64
		{EB825E4F-368E-40F0-866F-F0EA7EB63D09}.Debug|x64.Build.0 = Debug|x64
		{EB825E4F-368E-40F0-866F-F0EA7EB63D09}.Debug|x86.ActiveCfg = Debug|Win32
		{EB825E4F-368E-40F0-866F-F0EA7EB63D09}.Debug|x86.Build.0 = Debug|Win32
		{EB825E4F-368E-40F0-866F-F0EA7EB63D09}.Release|x64.ActiveCfg = Release|x64
		{EB825E4F-368E-40F0-866F-F0EA7EB63D09}.Release|x64.Build.0 = Release|x64
		{EB825E4F-368E-40F0-866F-F0EA7EB63D09}.Release|x86.ActiveCfg = Release|Win32
		{EB825E4F-368E-40F0-866F-F0EA7EB63D09}.Release|x86.Build.0 = Release|Win32
	EndGlobalSection
	GlobalSection(SolutionProperties) = preSolution
		HideSolutionNode = FALSE
	EndGlobalSection
	GlobalSection(ExtensibilityGlobals) = postSolution
		SolutionGuid = {47739E8C-11D8-4AB1-82E0-0936A1FC4CBB}
	EndGlobalSection
EndGlobal
